
Microsoft Visual Studio Solution File, Format Version 12.00
# Visual Studio Version 17
VisualStudioVersion = 17.13.35931.197 d17.13
MinimumVisualStudioVersion = 10.0.40219.1
Project("{FAE04EC0-301F-11D3-BF4B-00C04F79EFBC}") = "qrschool_deckstop", "qrschool_deckstop\qrschool_deckstop.csproj", "{48FD181A-1DED-4D48-824D-ACED28AADA86}"
EndProject
Global
	GlobalSection(SolutionConfigurationPlatforms) = preSolution
		Debug|Any CPU = Debug|Any CPU
		Release|Any CPU = Release|Any CPU
	EndGlobalSection
	GlobalSection(ProjectConfigurationPlatforms) = postSolution
		{48FD181A-1DED-4D48-824D-ACED28AADA86}.Debug|Any CPU.ActiveCfg = Debug|Any CPU
		{48FD181A-1DED-4D48-824D-ACED28AADA86}.Debug|Any CPU.Build.0 = Debug|Any CPU
		{48FD181A-1DED-4D48-824D-ACED28AADA86}.Release|Any CPU.ActiveCfg = Release|Any CPU
		{48FD181A-1DED-4D48-824D-ACED28AADA86}.Release|Any CPU.Build.0 = Release|Any CPU
	EndGlobalSection
	GlobalSection(SolutionProperties) = preSolution
		HideSolutionNode = FALSE
	EndGlobalSection
	GlobalSection(ExtensibilityGlobals) = postSolution
		SolutionGuid = {1E9B59FC-7206-42C3-9D13-B1337F5F86D3}
	EndGlobalSection
EndGlobal
